{
  "name": "clarion-dependabot-test",
  "version": "1.0.0",
  "lockfileVersion": 2,
  "requires": true,
  "packages": {
    "": {
      "name": "clarion-dependabot-test",
      "version": "1.0.0",
      "dependencies": {
        "lodash": "4.17.15",
        "axios": "0.21.1",
        "minimist": "1.2.5",
        "node-fetch": "2.6.0",
        "json5": "1.0.1"
      }
    },
    "node_modules/lodash": {
      "version": "4.17.15",
      "resolved": "https://registry.npmjs.org/lodash/-/lodash-4.17.15.tgz",
      "integrity": "sha512-8xOcRHvCjnocdS5cpwXQXVzmmh5e5+saE2QGoeQmbKmRS6J3VQppPOIt0MnmE+4xlZoumy0GPG0D0MVIQbNA1A=="
    },
    "node_modules/axios": {
      "version": "0.21.1",
      "resolved": "https://registry.npmjs.org/axios/-/axios-0.21.1.tgz",
      "integrity": "sha512-dKQiRHxGD9PPRIUNIWvZhPTPpl1rf/OxTYKsqKUDjBwYylTvV7SjSHJb9ratfyzM6wCdnX5fg2yz5gyIVAKvA==",
      "dependencies": {
        "follow-redirects": "1.13.0"
      }
    },
    "node_modules/follow-redirects": {
      "version": "1.13.0",
      "resolved": "https://registry.npmjs.org/follow-redirects/-/follow-redirects-1.13.0.tgz",
      "integrity": "sha512-ov6/GHgo5sGm6Bm1B5FHi2TDuP3tNmhJSK80t2b5L2ogZOEJfDFfXHYXKK4QUGVMWLj0DBDVX9RkAqT8f/bg=="
    },
    "node_modules/minimist": {
      "version": "1.2.5",
      "resolved": "https://registry.npmjs.org/minimist/-/minimist-1.2.5.tgz",
      "integrity": "sha512-FM9nNUYrRBAELZQT3xeZQ7fmMOBg6nWNmJKTcgsJeaLstP/UODVpGsr5OhXhhXg6f+qtJ8uiZ+PUxkDWcgIXLw=="
    },
    "node_modules/node-fetch": {
      "version": "2.6.0",
      "resolved": "https://registry.npmjs.org/node-fetch/-/node-fetch-2.6.0.tgz",
      "integrity": "sha512-8dG7o9NABSBBgyB8BDMX5BZZSLMQCVk2BqCsMhfSmSmn5lmwFKlgPxzpBRTJBhX9dBDKPbZr+RvT7fwMfFIg=="
    },
    "node_modules/json5": {
      "version": "1.0.1",
      "resolved": "https://registry.npmjs.org/json5/-/json5-1.0.1.tgz",
      "integrity": "sha512-aKS4WQjPenRxiQsC93MNfjx+nbF4PAdYzmd/1JIj8HYzqfbu86beTuNgXDzPknWk0n0uARlyewZo4s++ES36Ow==",
      "dependencies": {
        "minimist": "1.2.5"
      }
    }
  }
}
